// !$*UTF8*$!
{
	archiveVersion = 1;
	classes = {
	};
	objectVersion = 50;
	objects = {

/* Begin PBXBuildFile section */
		43227A8224BBED03008FFAB1 /* AppDelegate.swift in Sources */ = {isa = PBXBuildFile; fileRef = 43227A8124BBED03008FFAB1 /* AppDelegate.swift */; };
		43227A8424BBED03008FFAB1 /* SceneDelegate.swift in Sources */ = {isa = PBXBuildFile; fileRef = 43227A8324BBED03008FFAB1 /* SceneDelegate.swift */; };
		43227A8624BBED03008FFAB1 /* ViewController.swift in Sources */ = {isa = PBXBuildFile; fileRef = 43227A8524BBED03008FFAB1 /* ViewController.swift */; };
		43227A8924BBED03008FFAB1 /* Main.storyboard in Resources */ = {isa = PBXBuildFile; fileRef = 43227A8724BBED03008FFAB1 /* Main.storyboard */; };
		43227A8B24BBED06008FFAB1 /* Assets.xcassets in Resources */ = {isa = PBXBuildFile; fileRef = 43227A8A24BBED06008FFAB1 /* Assets.xcassets */; };
		43227A8E24BBED06008FFAB1 /* LaunchScreen.storyboard in Resources */ = {isa = PBXBuildFile; fileRef = 43227A8C24BBED06008FFAB1 /* LaunchScreen.storyboard */; };
		43227A9924BBED07008FFAB1 /* skribblioARTests.swift in Sources */ = {isa = PBXBuildFile; fileRef = 43227A9824BBED07008FFAB1 /* skribblioARTests.swift */; };
		43227AA424BBED07008FFAB1 /* skribblioARUITests.swift in Sources */ = {isa = PBXBuildFile; fileRef = 43227AA324BBED07008FFAB1 /* skribblioARUITests.swift */; };
/* End PBXBuildFile section */

/* Begin PBXContainerItemProxy section */
		43227A9524BBED07008FFAB1 /* PBXContainerItemProxy */ = {
			isa = PBXContainerItemProxy;
			containerPortal = 43227A7624BBED03008FFAB1 /* Project object */;
			proxyType = 1;
			remoteGlobalIDString = 43227A7D24BBED03008FFAB1;
			remoteInfo = skribblioAR;
		};
		43227AA024BBED07008FFAB1 /* PBXContainerItemProxy */ = {
			isa = PBXContainerItemProxy;
			containerPortal = 43227A7624BBED03008FFAB1 /* Project object */;
			proxyType = 1;
			remoteGlobalIDString = 43227A7D24BBED03008FFAB1;
			remoteInfo = skribblioAR;
		};
/* End PBXContainerItemProxy section */

/* Begin PBXFileReference section */
		43227A7E24BBED03008FFAB1 /* skribblioAR.app */ = {isa = PBXFileReference; explicitFileType = wrapper.application; includeInIndex = 0; path = skribblioAR.app; sourceTree = BUILT_PRODUCTS_DIR; };
		43227A8124BBED03008FFAB1 /* AppDelegate.swift */ = {isa = PBXFileReference; lastKnownFileType = sourcecode.swift; path = AppDelegate.swift; sourceTree = "<group>"; };
		43227A8324BBED03008FFAB1 /* SceneDelegate.swift */ = {isa = PBXFileReference; lastKnownFileType = sourcecode.swift; path = SceneDelegate.swift; sourceTree = "<group>"; };
		43227A8524BBED03008FFAB1 /* ViewController.swift */ = {isa = PBXFileReference; lastKnownFileType = sourcecode.swift; path = ViewController.swift; sourceTree = "<group>"; };
		43227A8824BBED03008FFAB1 /* Base */ = {isa = PBXFileReference; lastKnownFileType = file.storyboard; name = Base; path = Base.lproj/Main.storyboard; sourceTree = "<group>"; };
		43227A8A24BBED06008FFAB1 /* Assets.xcassets */ = {isa = PBXFileReference; lastKnownFileType = folder.assetcatalog; path = Assets.xcassets; sourceTree = "<group>"; };
		43227A8D24BBED06008FFAB1 /* Base */ = {isa = PBXFileReference; lastKnownFileType = file.storyboard; name = Base; path = Base.lproj/LaunchScreen.storyboard; sourceTree = "<group>"; };
		43227A8F24BBED06008FFAB1 /* Info.plist */ = {isa = PBXFileReference; lastKnownFileType = text.plist.xml; path = Info.plist; sourceTree = "<group>"; };
		43227A9424BBED07008FFAB1 /* skribblioARTests.xctest */ = {isa = PBXFileReference; explicitFileType = wrapper.cfbundle; includeInIndex = 0; path = skribblioARTests.xctest; sourceTree = BUILT_PRODUCTS_DIR; };
		43227A9824BBED07008FFAB1 /* skribblioARTests.swift */ = {isa = PBXFileReference; lastKnownFileType = sourcecode.swift; path = skribblioARTests.swift; sourceTree = "<group>"; };
		43227A9A24BBED07008FFAB1 /* Info.plist */ = {isa = PBXFileReference; lastKnownFileType = text.plist.xml; path = Info.plist; sourceTree = "<group>"; };
		43227A9F24BBED07008FFAB1 /* skribblioARUITests.xctest */ = {isa = PBXFileReference; explicitFileType = wrapper.cfbundle; includeInIndex = 0; path = skribblioARUITests.xctest; sourceTree = BUILT_PRODUCTS_DIR; };
		43227AA324BBED07008FFAB1 /* skribblioARUITests.swift */ = {isa = PBXFileReference; lastKnownFileType = sourcecode.swift; path = skribblioARUITests.swift; sourceTree = "<group>"; };
		43227AA524BBED07008FFAB1 /* Info.plist */ = {isa = PBXFileReference; lastKnownFileType = text.plist.xml; path = Info.plist; sourceTree = "<group>"; };
/* End PBXFileReference section */

/* Begin PBXFrameworksBuildPhase section */
		43227A7B24BBED03008FFAB1 /* Frameworks */ = {
			isa = PBXFrameworksBuildPhase;
			buildActionMask = 2147483647;
			files = (
			);
			runOnlyForDeploymentPostprocessing = 0;
		};
		43227A9124BBED07008FFAB1 /* Frameworks */ = {
			isa = PBXFrameworksBuildPhase;
			buildActionMask = 2147483647;
			files = (
			);
			runOnlyForDeploymentPostprocessing = 0;
		};
		43227A9C24BBED07008FFAB1 /* Frameworks */ = {
			isa = PBXFrameworksBuildPhase;
			buildActionMask = 2147483647;
			files = (
			);
			runOnlyForDeploymentPostprocessing = 0;
		};
/* End PBXFrameworksBuildPhase section */

/* Begin PBXGroup section */
		43227A7524BBED03008FFAB1 = {
			isa = PBXGroup;
			children = (
				43227A8024BBED03008FFAB1 /* skribblioAR */,
				43227A9724BBED07008FFAB1 /* skribblioARTests */,
				43227AA224BBED07008FFAB1 /* skribblioARUITests */,
				43227A7F24BBED03008FFAB1 /* Products */,
			);
			sourceTree = "<group>";
		};
		43227A7F24BBED03008FFAB1 /* Products */ = {
			isa = PBXGroup;
			children = (
				43227A7E24BBED03008FFAB1 /* skribblioAR.app */,
				43227A9424BBED07008FFAB1 /* skribblioARTests.xctest */,
				43227A9F24BBED07008FFAB1 /* skribblioARUITests.xctest */,
			);
			name = Products;
			sourceTree = "<group>";
		};
		43227A8024BBED03008FFAB1 /* skribblioAR */ = {
			isa = PBXGroup;
			children = (
				43227A8124BBED03008FFAB1 /* AppDelegate.swift */,
				43227A8324BBED03008FFAB1 /* SceneDelegate.swift */,
				43227A8524BBED03008FFAB1 /* ViewController.swift */,
				43227A8724BBED03008FFAB1 /* Main.storyboard */,
				43227A8A24BBED06008FFAB1 /* Assets.xcassets */,
				43227A8C24BBED06008FFAB1 /* LaunchScreen.storyboard */,
				43227A8F24BBED06008FFAB1 /* Info.plist */,
			);
			path = skribblioAR;
			sourceTree = "<group>";
		};
		43227A9724BBED07008FFAB1 /* skribblioARTests */ = {
			isa = PBXGroup;
			children = (
				43227A9824BBED07008FFAB1 /* skribblioARTests.swift */,
				43227A9A24BBED07008FFAB1 /* Info.plist */,
			);
			path = skribblioARTests;
			sourceTree = "<group>";
		};
		43227AA224BBED07008FFAB1 /* skribblioARUITests */ = {
			isa = PBXGroup;
			children = (
				43227AA324BBED07008FFAB1 /* skribblioARUITests.swift */,
				43227AA524BBED07008FFAB1 /* Info.plist */,
			);
			path = skribblioARUITests;
			sourceTree = "<group>";
		};
/* End PBXGroup section */

/* Begin PBXNativeTarget section */
		43227A7D24BBED03008FFAB1 /* skribblioAR */ = {
			isa = PBXNativeTarget;
			buildConfigurationList = 43227AA824BBED07008FFAB1 /* Build configuration list for PBXNativeTarget "skribblioAR" */;
			buildPhases = (
				43227A7A24BBED03008FFAB1 /* Sources */,
				43227A7B24BBED03008FFAB1 /* Frameworks */,
				43227A7C24BBED03008FFAB1 /* Resources */,
			);
			buildRules = (
			);
			dependencies = (
			);
			name = skribblioAR;
			productName = skribblioAR;
			productReference = 43227A7E24BBED03008FFAB1 /* skribblioAR.app */;
			productType = "com.apple.product-type.application";
		};
		43227A9324BBED07008FFAB1 /* skribblioARTests */ = {
			isa = PBXNativeTarget;
			buildConfigurationList = 43227AAB24BBED07008FFAB1 /* Build configuration list for PBXNativeTarget "skribblioARTests" */;
			buildPhases = (
				43227A9024BBED07008FFAB1 /* Sources */,
				43227A9124BBED07008FFAB1 /* Frameworks */,
				43227A9224BBED07008FFAB1 /* Resources */,
			);
			buildRules = (
			);
			dependencies = (
				43227A9624BBED07008FFAB1 /* PBXTargetDependency */,
			);
			name = skribblioARTests;
			productName = skribblioARTests;
			productReference = 43227A9424BBED07008FFAB1 /* skribblioARTests.xctest */;
			productType = "com.apple.product-type.bundle.unit-test";
		};
		43227A9E24BBED07008FFAB1 /* skribblioARUITests */ = {
			isa = PBXNativeTarget;
			buildConfigurationList = 43227AAE24BBED07008FFAB1 /* Build configuration list for PBXNativeTarget "skribblioARUITests" */;
			buildPhases = (
				43227A9B24BBED07008FFAB1 /* Sources */,
				43227A9C24BBED07008FFAB1 /* Frameworks */,
				43227A9D24BBED07008FFAB1 /* Resources */,
			);
			buildRules = (
			);
			dependencies = (
				43227AA124BBED07008FFAB1 /* PBXTargetDependency */,
			);
			name = skribblioARUITests;
			productName = skribblioARUITests;
			productReference = 43227A9F24BBED07008FFAB1 /* skribblioARUITests.xctest */;
			productType = "com.apple.product-type.bundle.ui-testing";
		};
/* End PBXNativeTarget section */

/* Begin PBXProject section */
		43227A7624BBED03008FFAB1 /* Project object */ = {
			isa = PBXProject;
			attributes = {
				LastSwiftUpdateCheck = 1150;
				LastUpgradeCheck = 1150;
				ORGANIZATIONNAME = "Jack Chen";
				TargetAttributes = {
					43227A7D24BBED03008FFAB1 = {
						CreatedOnToolsVersion = 11.5;
					};
					43227A9324BBED07008FFAB1 = {
						CreatedOnToolsVersion = 11.5;
						TestTargetID = 43227A7D24BBED03008FFAB1;
					};
					43227A9E24BBED07008FFAB1 = {
						CreatedOnToolsVersion = 11.5;
						TestTargetID = 43227A7D24BBED03008FFAB1;
					};
				};
			};
			buildConfigurationList = 43227A7924BBED03008FFAB1 /* Build configuration list for PBXProject "skribblioAR" */;
			compatibilityVersion = "Xcode 9.3";
			developmentRegion = en;
			hasScannedForEncodings = 0;
			knownRegions = (
				en,
				Base,
			);
			mainGroup = 43227A7524BBED03008FFAB1;
			productRefGroup = 43227A7F24BBED03008FFAB1 /* Products */;
			projectDirPath = "";
			projectRoot = "";
			targets = (
				43227A7D24BBED03008FFAB1 /* skribblioAR */,
				43227A9324BBED07008FFAB1 /* skribblioARTests */,
				43227A9E24BBED07008FFAB1 /* skribblioARUITests */,
			);
		};
/* End PBXProject section */

/* Begin PBXResourcesBuildPhase section */
		43227A7C24BBED03008FFAB1 /* Resources */ = {
			isa = PBXResourcesBuildPhase;
			buildActionMask = 2147483647;
			files = (
				43227A8E24BBED06008FFAB1 /* LaunchScreen.storyboard in Resources */,
				43227A8B24BBED06008FFAB1 /* Assets.xcassets in Resources */,
				43227A8924BBED03008FFAB1 /* Main.storyboard in Resources */,
			);
			runOnlyForDeploymentPostprocessing = 0;
		};
		43227A9224BBED07008FFAB1 /* Resources */ = {
			isa = PBXResourcesBuildPhase;
			buildActionMask = 2147483647;
			files = (
			);
			runOnlyForDeploymentPostprocessing = 0;
		};
		43227A9D24BBED07008FFAB1 /* Resources */ = {
			isa = PBXResourcesBuildPhase;
			buildActionMask = 2147483647;
			files = (
			);
			runOnlyForDeploymentPostprocessing = 0;
		};
/* End PBXResourcesBuildPhase section */

/* Begin PBXSourcesBuildPhase section */
		43227A7A24BBED03008FFAB1 /* Sources */ = {
			isa = PBXSourcesBuildPhase;
			buildActionMask = 2147483647;
			files = (
				43227A8624BBED03008FFAB1 /* ViewController.swift in Sources */,
				43227A8224BBED03008FFAB1 /* AppDelegate.swift in Sources */,
				43227A8424BBED03008FFAB1 /* SceneDelegate.swift in Sources */,
			);
			runOnlyForDeploymentPostprocessing = 0;
		};
		43227A9024BBED07008FFAB1 /* Sources */ = {
			isa = PBXSourcesBuildPhase;
			buildActionMask = 2147483647;
			files = (
				43227A9924BBED07008FFAB1 /* skribblioARTests.swift in Sources */,
			);
			runOnlyForDeploymentPostprocessing = 0;
		};
		43227A9B24BBED07008FFAB1 /* Sources */ = {
			isa = PBXSourcesBuildPhase;
			buildActionMask = 2147483647;
			files = (
				43227AA424BBED07008FFAB1 /* skribblioARUITests.swift in Sources */,
			);
			runOnlyForDeploymentPostprocessing = 0;
		};
/* End PBXSourcesBuildPhase section */

/* Begin PBXTargetDependency section */
		43227A9624BBED07008FFAB1 /* PBXTargetDependency */ = {
			isa = PBXTargetDependency;
			target = 43227A7D24BBED03008FFAB1 /* skribblioAR */;
			targetProxy = 43227A9524BBED07008FFAB1 /* PBXContainerItemProxy */;
		};
		43227AA124BBED07008FFAB1 /* PBXTargetDependency */ = {
			isa = PBXTargetDependency;
			target = 43227A7D24BBED03008FFAB1 /* skribblioAR */;
			targetProxy = 43227AA024BBED07008FFAB1 /* PBXContainerItemProxy */;
		};
/* End PBXTargetDependency section */

/* Begin PBXVariantGroup section */
		43227A8724BBED03008FFAB1 /* Main.storyboard */ = {
			isa = PBXVariantGroup;
			children = (
				43227A8824BBED03008FFAB1 /* Base */,
			);
			name = Main.storyboard;
			sourceTree = "<group>";
		};
		43227A8C24BBED06008FFAB1 /* LaunchScreen.storyboard */ = {
			isa = PBXVariantGroup;
			children = (
				43227A8D24BBED06008FFAB1 /* Base */,
			);
			name = LaunchScreen.storyboard;
			sourceTree = "<group>";
		};
/* End PBXVariantGroup section */

/* Begin XCBuildConfiguration section */
		43227AA624BBED07008FFAB1 /* Debug */ = {
			isa = XCBuildConfiguration;
			buildSettings = {
				ALWAYS_SEARCH_USER_PATHS = NO;
				CLANG_ANALYZER_NONNULL = YES;
				CLANG_ANALYZER_NUMBER_OBJECT_CONVERSION = YES_AGGRESSIVE;
				CLANG_CXX_LANGUAGE_STANDARD = "gnu++14";
				CLANG_CXX_LIBRARY = "libc++";
				CLANG_ENABLE_MODULES = YES;
				CLANG_ENABLE_OBJC_ARC = YES;
				CLANG_ENABLE_OBJC_WEAK = YES;
				CLANG_WARN_BLOCK_CAPTURE_AUTORELEASING = YES;
				CLANG_WARN_BOOL_CONVERSION = YES;
				CLANG_WARN_COMMA = YES;
				CLANG_WARN_CONSTANT_CONVERSION = YES;
				CLANG_WARN_DEPRECATED_OBJC_IMPLEMENTATIONS = YES;
				CLANG_WARN_DIRECT_OBJC_ISA_USAGE = YES_ERROR;
				CLANG_WARN_DOCUMENTATION_COMMENTS = YES;
				CLANG_WARN_EMPTY_BODY = YES;
				CLANG_WARN_ENUM_CONVERSION = YES;
				CLANG_WARN_INFINITE_RECURSION = YES;
				CLANG_WARN_INT_CONVERSION = YES;
				CLANG_WARN_NON_LITERAL_NULL_CONVERSION = YES;
				CLANG_WARN_OBJC_IMPLICIT_RETAIN_SELF = YES;
				CLANG_WARN_OBJC_LITERAL_CONVERSION = YES;
				CLANG_WARN_OBJC_ROOT_CLASS = YES_ERROR;
				CLANG_WARN_RANGE_LOOP_ANALYSIS = YES;
				CLANG_WARN_STRICT_PROTOTYPES = YES;
				CLANG_WARN_SUSPICIOUS_MOVE = YES;
				CLANG_WARN_UNGUARDED_AVAILABILITY = YES_AGGRESSIVE;
				CLANG_WARN_UNREACHABLE_CODE = YES;
				CLANG_WARN__DUPLICATE_METHOD_MATCH = YES;
				COPY_PHASE_STRIP = NO;
				DEBUG_INFORMATION_FORMAT = dwarf;
				ENABLE_STRICT_OBJC_MSGSEND = YES;
				ENABLE_TESTABILITY = YES;
				GCC_C_LANGUAGE_STANDARD = gnu11;
				GCC_DYNAMIC_NO_PIC = NO;
				GCC_NO_COMMON_BLOCKS = YES;
				GCC_OPTIMIZATION_LEVEL = 0;
				GCC_PREPROCESSOR_DEFINITIONS = (
					"DEBUG=1",
					"$(inherited)",
				);
				GCC_WARN_64_TO_32_BIT_CONVERSION = YES;
				GCC_WARN_ABOUT_RETURN_TYPE = YES_ERROR;
				GCC_WARN_UNDECLARED_SELECTOR = YES;
				GCC_WARN_UNINITIALIZED_AUTOS = YES_AGGRESSIVE;
				GCC_WARN_UNUSED_FUNCTION = YES;
				GCC_WARN_UNUSED_VARIABLE = YES;
				IPHONEOS_DEPLOYMENT_TARGET = 13.5;
				MTL_ENABLE_DEBUG_INFO = INCLUDE_SOURCE;
				MTL_FAST_MATH = YES;
				ONLY_ACTIVE_ARCH = YES;
				SDKROOT = iphoneos;
				SWIFT_ACTIVE_COMPILATION_CONDITIONS = DEBUG;
				SWIFT_OPTIMIZATION_LEVEL = "-Onone";
			};
			name = Debug;
		};
		43227AA724BBED07008FFAB1 /* Release */ = {
			isa = XCBuildConfiguration;
			buildSettings = {
				ALWAYS_SEARCH_USER_PATHS = NO;
				CLANG_ANALYZER_NONNULL = YES;
				CLANG_ANALYZER_NUMBER_OBJECT_CONVERSION = YES_AGGRESSIVE;
				CLANG_CXX_LANGUAGE_STANDARD = "gnu++14";
				CLANG_CXX_LIBRARY = "libc++";
				CLANG_ENABLE_MODULES = YES;
				CLANG_ENABLE_OBJC_ARC = YES;
				CLANG_ENABLE_OBJC_WEAK = YES;
				CLANG_WARN_BLOCK_CAPTURE_AUTORELEASING = YES;
				CLANG_WARN_BOOL_CONVERSION = YES;
				CLANG_WARN_COMMA = YES;
				CLANG_WARN_CONSTANT_CONVERSION = YES;
				CLANG_WARN_DEPRECATED_OBJC_IMPLEMENTATIONS = YES;
				CLANG_WARN_DIRECT_OBJC_ISA_USAGE = YES_ERROR;
				CLANG_WARN_DOCUMENTATION_COMMENTS = YES;
				CLANG_WARN_EMPTY_BODY = YES;
				CLANG_WARN_ENUM_CONVERSION = YES;
				CLANG_WARN_INFINITE_RECURSION = YES;
				CLANG_WARN_INT_CONVERSION = YES;
				CLANG_WARN_NON_LITERAL_NULL_CONVERSION = YES;
				CLANG_WARN_OBJC_IMPLICIT_RETAIN_SELF = YES;
				CLANG_WARN_OBJC_LITERAL_CONVERSION = YES;
				CLANG_WARN_OBJC_ROOT_CLASS = YES_ERROR;
				CLANG_WARN_RANGE_LOOP_ANALYSIS = YES;
				CLANG_WARN_STRICT_PROTOTYPES = YES;
				CLANG_WARN_SUSPICIOUS_MOVE = YES;
				CLANG_WARN_UNGUARDED_AVAILABILITY = YES_AGGRESSIVE;
				CLANG_WARN_UNREACHABLE_CODE = YES;
				CLANG_WARN__DUPLICATE_METHOD_MATCH = YES;
				COPY_PHASE_STRIP = NO;
				DEBUG_INFORMATION_FORMAT = "dwarf-with-dsym";
				ENABLE_NS_ASSERTIONS = NO;
				ENABLE_STRICT_OBJC_MSGSEND = YES;
				GCC_C_LANGUAGE_STANDARD = gnu11;
				GCC_NO_COMMON_BLOCKS = YES;
				GCC_WARN_64_TO_32_BIT_CONVERSION = YES;
				GCC_WARN_ABOUT_RETURN_TYPE = YES_ERROR;
				GCC_WARN_UNDECLARED_SELECTOR = YES;
				GCC_WARN_UNINITIALIZED_AUTOS = YES_AGGRESSIVE;
				GCC_WARN_UNUSED_FUNCTION = YES;
				GCC_WARN_UNUSED_VARIABLE = YES;
				IPHONEOS_DEPLOYMENT_TARGET = 13.5;
				MTL_ENABLE_DEBUG_INFO = NO;
				MTL_FAST_MATH = YES;
				SDKROOT = iphoneos;
				SWIFT_COMPILATION_MODE = wholemodule;
				SWIFT_OPTIMIZATION_LEVEL = "-O";
				VALIDATE_PRODUCT = YES;
			};
			name = Release;
		};
		43227AA924BBED07008FFAB1 /* Debug */ = {
			isa = XCBuildConfiguration;
			buildSettings = {
				ASSETCATALOG_COMPILER_APPICON_NAME = AppIcon;
				CODE_SIGN_STYLE = Automatic;
				DEVELOPMENT_TEAM = 9W3AJM6DP6;
				INFOPLIST_FILE = skribblioAR/Info.plist;
				LD_RUNPATH_SEARCH_PATHS = (
					"$(inherited)",
					"@executable_path/Frameworks",
				);
				PRODUCT_BUNDLE_IDENTIFIER = Xora.skribblioAR;
				PRODUCT_NAME = "$(TARGET_NAME)";
				SWIFT_VERSION = 5.0;
				TARGETED_DEVICE_FAMILY = "1,2";
			};
			name = Debug;
		};
		43227AAA24BBED07008FFAB1 /* Release */ = {
			isa = XCBuildConfiguration;
			buildSettings = {
				ASSETCATALOG_COMPILER_APPICON_NAME = AppIcon;
				CODE_SIGN_STYLE = Automatic;
				DEVELOPMENT_TEAM = 9W3AJM6DP6;
				INFOPLIST_FILE = skribblioAR/Info.plist;
				LD_RUNPATH_SEARCH_PATHS = (
					"$(inherited)",
					"@executable_path/Frameworks",
				);
				PRODUCT_BUNDLE_IDENTIFIER = Xora.skribblioAR;
				PRODUCT_NAME = "$(TARGET_NAME)";
				SWIFT_VERSION = 5.0;
				TARGETED_DEVICE_FAMILY = "1,2";
			};
			name = Release;
		};
		43227AAC24BBED07008FFAB1 /* Debug */ = {
			isa = XCBuildConfiguration;
			buildSettings = {
				ALWAYS_EMBED_SWIFT_STANDARD_LIBRARIES = YES;
				BUNDLE_LOADER = "$(TEST_HOST)";
				CODE_SIGN_STYLE = Automatic;
				DEVELOPMENT_TEAM = 9W3AJM6DP6;
				INFOPLIST_FILE = skribblioARTests/Info.plist;
				IPHONEOS_DEPLOYMENT_TARGET = 13.5;
				LD_RUNPATH_SEARCH_PATHS = (
					"$(inherited)",
					"@executable_path/Frameworks",
					"@loader_path/Frameworks",
				);
				PRODUCT_BUNDLE_IDENTIFIER = Xora.skribblioARTests;
				PRODUCT_NAME = "$(TARGET_NAME)";
				SWIFT_VERSION = 5.0;
				TARGETED_DEVICE_FAMILY = "1,2";
				TEST_HOST = "$(BUILT_PRODUCTS_DIR)/skribblioAR.app/skribblioAR";
			};
			name = Debug;
		};
		43227AAD24BBED07008FFAB1 /* Release */ = {
			isa = XCBuildConfiguration;
			buildSettings = {
				ALWAYS_EMBED_SWIFT_STANDARD_LIBRARIES = YES;
				BUNDLE_LOADER = "$(TEST_HOST)";
				CODE_SIGN_STYLE = Automatic;
				DEVELOPMENT_TEAM = 9W3AJM6DP6;
				INFOPLIST_FILE = skribblioARTests/Info.plist;
				IPHONEOS_DEPLOYMENT_TARGET = 13.5;
				LD_RUNPATH_SEARCH_PATHS = (
					"$(inherited)",
					"@executable_path/Frameworks",
					"@loader_path/Frameworks",
				);
				PRODUCT_BUNDLE_IDENTIFIER = Xora.skribblioARTests;
				PRODUCT_NAME = "$(TARGET_NAME)";
				SWIFT_VERSION = 5.0;
				TARGETED_DEVICE_FAMILY = "1,2";
				TEST_HOST = "$(BUILT_PRODUCTS_DIR)/skribblioAR.app/skribblioAR";
			};
			name = Release;
		};
		43227AAF24BBED07008FFAB1 /* Debug */ = {
			isa = XCBuildConfiguration;
			buildSettings = {
				ALWAYS_EMBED_SWIFT_STANDARD_LIBRARIES = YES;
				CODE_SIGN_STYLE = Automatic;
				DEVELOPMENT_TEAM = 9W3AJM6DP6;
				INFOPLIST_FILE = skribblioARUITests/Info.plist;
				LD_RUNPATH_SEARCH_PATHS = (
					"$(inherited)",
					"@executable_path/Frameworks",
					"@loader_path/Frameworks",
				);
				PRODUCT_BUNDLE_IDENTIFIER = Xora.skribblioARUITests;
				PRODUCT_NAME = "$(TARGET_NAME)";
				SWIFT_VERSION = 5.0;
				TARGETED_DEVICE_FAMILY = "1,2";
				TEST_TARGET_NAME = skribblioAR;
			};
			name = Debug;
		};
		43227AB024BBED07008FFAB1 /* Release */ = {
			isa = XCBuildConfiguration;
			buildSettings = {
				ALWAYS_EMBED_SWIFT_STANDARD_LIBRARIES = YES;
				CODE_SIGN_STYLE = Automatic;
				DEVELOPMENT_TEAM = 9W3AJM6DP6;
				INFOPLIST_FILE = skribblioARUITests/Info.plist;
				LD_RUNPATH_SEARCH_PATHS = (
					"$(inherited)",
					"@executable_path/Frameworks",
					"@loader_path/Frameworks",
				);
				PRODUCT_BUNDLE_IDENTIFIER = Xora.skribblioARUITests;
				PRODUCT_NAME = "$(TARGET_NAME)";
				SWIFT_VERSION = 5.0;
				TARGETED_DEVICE_FAMILY = "1,2";
				TEST_TARGET_NAME = skribblioAR;
			};
			name = Release;
		};
/* End XCBuildConfiguration section */

/* Begin XCConfigurationList section */
		43227A7924BBED03008FFAB1 /* Build configuration list for PBXProject "skribblioAR" */ = {
			isa = XCConfigurationList;
			buildConfigurations = (
				43227AA624BBED07008FFAB1 /* Debug */,
				43227AA724BBED07008FFAB1 /* Release */,
			);
			defaultConfigurationIsVisible = 0;
			defaultConfigurationName = Release;
		};
		43227AA824BBED07008FFAB1 /* Build configuration list for PBXNativeTarget "skribblioAR" */ = {
			isa = XCConfigurationList;
			buildConfigurations = (
				43227AA924BBED07008FFAB1 /* Debug */,
				43227AAA24BBED07008FFAB1 /* Release */,
			);
			defaultConfigurationIsVisible = 0;
			defaultConfigurationName = Release;
		};
		43227AAB24BBED07008FFAB1 /* Build configuration list for PBXNativeTarget "skribblioARTests" */ = {
			isa = XCConfigurationList;
			buildConfigurations = (
				43227AAC24BBED07008FFAB1 /* Debug */,
				43227AAD24BBED07008FFAB1 /* Release */,
			);
			defaultConfigurationIsVisible = 0;
			defaultConfigurationName = Release;
		};
		43227AAE24BBED07008FFAB1 /* Build configuration list for PBXNativeTarget "skribblioARUITests" */ = {
			isa = XCConfigurationList;
			buildConfigurations = (
				43227AAF24BBED07008FFAB1 /* Debug */,
				43227AB024BBED07008FFAB1 /* Release */,
			);
			defaultConfigurationIsVisible = 0;
			defaultConfigurationName = Release;
		};
/* End XCConfigurationList section */
	};
	rootObject = 43227A7624BBED03008FFAB1 /* Project object */;
}
